
Microsoft Visual Studio Solution File, Format Version 12.00
# Visual Studio Version 17
VisualStudioVersion = 17.0.32112.339
MinimumVisualStudioVersion = 10.0.40219.1
Project("{2150E333-8FDC-42A3-9474-1A3956D46DE8}") = "Internal", "Internal", "{AE75DA54-CDFE-4BEC-974B-94EB9DE20F87}"
EndProject
Project("{2150E333-8FDC-42A3-9474-1A3956D46DE8}") = "Scripts", "Scripts", "{63E49831-1562-4260-9086-DFC6E4015349}"
EndProject
Project("{2150E333-8FDC-42A3-9474-1A3956D46DE8}") = "Dlls", "Dlls", "{E0E700A0-55A1-45D6-951A-65DFFA10F7BA}"
	ProjectSection(SolutionItems) = preProject
		Dlls\readme.txt = Dlls\readme.txt
	EndProjectSection
EndProject
Project("{2150E333-8FDC-42A3-9474-1A3956D46DE8}") = "Documentation", "Documentation", "{41E5EBE1-25C6-4C58-BF68-24D2101CE86D}"
	ProjectSection(SolutionItems) = preProject
		Documentation\readme.txt = Documentation\readme.txt
	EndProjectSection
EndProject
Project("{2150E333-8FDC-42A3-9474-1A3956D46DE8}") = "Code Analysis", "Code Analysis", "{7F0B53A4-15FD-4876-9203-49FEBCF98EBC}"
	ProjectSection(SolutionItems) = preProject
		Internal\Code Analysis\SonarLint-QuickActions-Active.ruleset = Internal\Code Analysis\SonarLint-QuickActions-Active.ruleset
		Internal\Code Analysis\SonarLint-QuickActions-Inactive.ruleset = Internal\Code Analysis\SonarLint-QuickActions-Inactive.ruleset
	EndProjectSection
EndProject
Project("{2150E333-8FDC-42A3-9474-1A3956D46DE8}") = "RegressionTestRunner", "RegressionTestRunner", "{123ECA0C-3F75-4C21-9BF8-3A9700E5E144}"
	ProjectSection(SolutionItems) = preProject
		RegressionTestRunner.xml = RegressionTestRunner.xml
	EndProjectSection
EndProject
Project("{2150E333-8FDC-42A3-9474-1A3956D46DE8}") = "Actions", "Actions", "{A9C091E7-69FB-473C-9D3B-DF890FE37C37}"
EndProject
Project("{FAE04EC0-301F-11D3-BF4B-00C04F79EFBC}") = "RegressionTestRunner_1", "RegressionTestRunner_1\RegressionTestRunner_1.csproj", "{AC61C346-B01F-4955-A00D-DF5A4B4607EF}"
EndProject
Global
	GlobalSection(SolutionConfigurationPlatforms) = preSolution
		Debug|Any CPU = Debug|Any CPU
		Release|Any CPU = Release|Any CPU
	EndGlobalSection
	GlobalSection(ProjectConfigurationPlatforms) = postSolution
		{AC61C346-B01F-4955-A00D-DF5A4B4607EF}.Debug|Any CPU.ActiveCfg = Debug|Any CPU
		{AC61C346-B01F-4955-A00D-DF5A4B4607EF}.Debug|Any CPU.Build.0 = Debug|Any CPU
		{AC61C346-B01F-4955-A00D-DF5A4B4607EF}.Release|Any CPU.ActiveCfg = Release|Any CPU
		{AC61C346-B01F-4955-A00D-DF5A4B4607EF}.Release|Any CPU.Build.0 = Release|Any CPU
	EndGlobalSection
	GlobalSection(SolutionProperties) = preSolution
		HideSolutionNode = FALSE
	EndGlobalSection
	GlobalSection(NestedProjects) = preSolution
		{7F0B53A4-15FD-4876-9203-49FEBCF98EBC} = {AE75DA54-CDFE-4BEC-974B-94EB9DE20F87}
		{123ECA0C-3F75-4C21-9BF8-3A9700E5E144} = {63E49831-1562-4260-9086-DFC6E4015349}
		{A9C091E7-69FB-473C-9D3B-DF890FE37C37} = {123ECA0C-3F75-4C21-9BF8-3A9700E5E144}
		{AC61C346-B01F-4955-A00D-DF5A4B4607EF} = {A9C091E7-69FB-473C-9D3B-DF890FE37C37}
	EndGlobalSection
	GlobalSection(ExtensibilityGlobals) = postSolution
		SolutionGuid = {9DA31787-F6EF-42C2-992F-28FA32807C70}
	EndGlobalSection
EndGlobal
